// !$*UTF8*$!
{
	archiveVersion = 1;
	classes = {
	};
	objectVersion = 46;
	objects = {

/* Begin PBXBuildFile section */
		03BA75FC1CAA1D33002EACB9 /* AppDelegate.swift in Sources */ = {isa = PBXBuildFile; fileRef = 03BA75FB1CAA1D33002EACB9 /* AppDelegate.swift */; };
		03BA75FE1CAA1D33002EACB9 /* GameScene.swift in Sources */ = {isa = PBXBuildFile; fileRef = 03BA75FD1CAA1D33002EACB9 /* GameScene.swift */; };
		03BA76021CAA1D33002EACB9 /* Assets.xcassets in Resources */ = {isa = PBXBuildFile; fileRef = 03BA76011CAA1D33002EACB9 /* Assets.xcassets */; };
		03BA76051CAA1D33002EACB9 /* MainMenu.xib in Resources */ = {isa = PBXBuildFile; fileRef = 03BA76031CAA1D33002EACB9 /* MainMenu.xib */; };
		03BA761C1CAA227C002EACB9 /* PaddleNode.swift in Sources */ = {isa = PBXBuildFile; fileRef = 03BA761B1CAA227C002EACB9 /* PaddleNode.swift */; };
		03BA761F1CAA2814002EACB9 /* SKColor+Pong.swift in Sources */ = {isa = PBXBuildFile; fileRef = 03BA761E1CAA2814002EACB9 /* SKColor+Pong.swift */; };
		03BA76211CAA2891002EACB9 /* BallNode.swift in Sources */ = {isa = PBXBuildFile; fileRef = 03BA76201CAA2891002EACB9 /* BallNode.swift */; };
/* End PBXBuildFile section */

/* Begin PBXFileReference section */
		03BA75F81CAA1D33002EACB9 /* Pong.app */ = {isa = PBXFileReference; explicitFileType = wrapper.application; includeInIndex = 0; path = Pong.app; sourceTree = BUILT_PRODUCTS_DIR; };
		03BA75FB1CAA1D33002EACB9 /* AppDelegate.swift */ = {isa = PBXFileReference; lastKnownFileType = sourcecode.swift; path = AppDelegate.swift; sourceTree = "<group>"; };
		03BA75FD1CAA1D33002EACB9 /* GameScene.swift */ = {isa = PBXFileReference; lastKnownFileType = sourcecode.swift; path = GameScene.swift; sourceTree = "<group>"; };
		03BA76011CAA1D33002EACB9 /* Assets.xcassets */ = {isa = PBXFileReference; lastKnownFileType = folder.assetcatalog; path = Assets.xcassets; sourceTree = "<group>"; };
		03BA76041CAA1D33002EACB9 /* Base */ = {isa = PBXFileReference; lastKnownFileType = file.xib; name = Base; path = Base.lproj/MainMenu.xib; sourceTree = "<group>"; };
		03BA76061CAA1D33002EACB9 /* Info.plist */ = {isa = PBXFileReference; lastKnownFileType = text.plist.xml; path = Info.plist; sourceTree = "<group>"; };
		03BA761B1CAA227C002EACB9 /* PaddleNode.swift */ = {isa = PBXFileReference; fileEncoding = 4; lastKnownFileType = sourcecode.swift; path = PaddleNode.swift; sourceTree = "<group>"; };
		03BA761E1CAA2814002EACB9 /* SKColor+Pong.swift */ = {isa = PBXFileReference; fileEncoding = 4; lastKnownFileType = sourcecode.swift; path = "SKColor+Pong.swift"; sourceTree = "<group>"; };
		03BA76201CAA2891002EACB9 /* BallNode.swift */ = {isa = PBXFileReference; fileEncoding = 4; lastKnownFileType = sourcecode.swift; path = BallNode.swift; sourceTree = "<group>"; };
/* End PBXFileReference section */

/* Begin PBXFrameworksBuildPhase section */
		03BA75F51CAA1D33002EACB9 /* Frameworks */ = {
			isa = PBXFrameworksBuildPhase;
			buildActionMask = 2147483647;
			files = (
			);
			runOnlyForDeploymentPostprocessing = 0;
		};
/* End PBXFrameworksBuildPhase section */

/* Begin PBXGroup section */
		03BA75EF1CAA1D33002EACB9 = {
			isa = PBXGroup;
			children = (
				03BA75FA1CAA1D33002EACB9 /* Pong */,
				03BA75F91CAA1D33002EACB9 /* Products */,
			);
			sourceTree = "<group>";
		};
		03BA75F91CAA1D33002EACB9 /* Products */ = {
			isa = PBXGroup;
			children = (
				03BA75F81CAA1D33002EACB9 /* Pong.app */,
			);
			name = Products;
			sourceTree = "<group>";
		};
		03BA75FA1CAA1D33002EACB9 /* Pong */ = {
			isa = PBXGroup;
			children = (
				03BA761D1CAA2807002EACB9 /* Extensions */,
				03BA761A1CAA2270002EACB9 /* Nodes */,
				03BA76181CAA21B5002EACB9 /* Scenes */,
				03BA76121CAA1E5B002EACB9 /* Support */,
			);
			path = Pong;
			sourceTree = "<group>";
		};
		03BA76121CAA1E5B002EACB9 /* Support */ = {
			isa = PBXGroup;
			children = (
				03BA75FB1CAA1D33002EACB9 /* AppDelegate.swift */,
				03BA76011CAA1D33002EACB9 /* Assets.xcassets */,
				03BA76031CAA1D33002EACB9 /* MainMenu.xib */,
				03BA76061CAA1D33002EACB9 /* Info.plist */,
			);
			name = Support;
			sourceTree = "<group>";
		};
		03BA76181CAA21B5002EACB9 /* Scenes */ = {
			isa = PBXGroup;
			children = (
				03BA75FD1CAA1D33002EACB9 /* GameScene.swift */,
			);
			name = Scenes;
			sourceTree = "<group>";
		};
		03BA761A1CAA2270002EACB9 /* Nodes */ = {
			isa = PBXGroup;
			children = (
				03BA761B1CAA227C002EACB9 /* PaddleNode.swift */,
				03BA76201CAA2891002EACB9 /* BallNode.swift */,
			);
			name = Nodes;
			sourceTree = "<group>";
		};
		03BA761D1CAA2807002EACB9 /* Extensions */ = {
			isa = PBXGroup;
			children = (
				03BA761E1CAA2814002EACB9 /* SKColor+Pong.swift */,
			);
			name = Extensions;
			sourceTree = "<group>";
		};
/* End PBXGroup section */

/* Begin PBXNativeTarget section */
		03BA75F71CAA1D33002EACB9 /* Pong */ = {
			isa = PBXNativeTarget;
			buildConfigurationList = 03BA76091CAA1D33002EACB9 /* Build configuration list for PBXNativeTarget "Pong" */;
			buildPhases = (
				03BA75F41CAA1D33002EACB9 /* Sources */,
				03BA75F51CAA1D33002EACB9 /* Frameworks */,
				03BA75F61CAA1D33002EACB9 /* Resources */,
			);
			buildRules = (
			);
			dependencies = (
			);
			name = Pong;
			productName = Pong;
			productReference = 03BA75F81CAA1D33002EACB9 /* Pong.app */;
			productType = "com.apple.product-type.application";
		};
/* End PBXNativeTarget section */

/* Begin PBXProject section */
		03BA75F01CAA1D33002EACB9 /* Project object */ = {
			isa = PBXProject;
			attributes = {
				LastSwiftUpdateCheck = 0730;
				LastUpgradeCheck = 0730;
				ORGANIZATIONNAME = sizeof.io;
				TargetAttributes = {
					03BA75F71CAA1D33002EACB9 = {
						CreatedOnToolsVersion = 7.3;
					};
				};
			};
			buildConfigurationList = 03BA75F31CAA1D33002EACB9 /* Build configuration list for PBXProject "Pong" */;
			compatibilityVersion = "Xcode 3.2";
			developmentRegion = English;
			hasScannedForEncodings = 0;
			knownRegions = (
				en,
				Base,
			);
			mainGroup = 03BA75EF1CAA1D33002EACB9;
			productRefGroup = 03BA75F91CAA1D33002EACB9 /* Products */;
			projectDirPath = "";
			projectRoot = "";
			targets = (
				03BA75F71CAA1D33002EACB9 /* Pong */,
			);
		};
/* End PBXProject section */

/* Begin PBXResourcesBuildPhase section */
		03BA75F61CAA1D33002EACB9 /* Resources */ = {
			isa = PBXResourcesBuildPhase;
			buildActionMask = 2147483647;
			files = (
				03BA76021CAA1D33002EACB9 /* Assets.xcassets in Resources */,
				03BA76051CAA1D33002EACB9 /* MainMenu.xib in Resources */,
			);
			runOnlyForDeploymentPostprocessing = 0;
		};
/* End PBXResourcesBuildPhase section */

/* Begin PBXSourcesBuildPhase section */
		03BA75F41CAA1D33002EACB9 /* Sources */ = {
			isa = PBXSourcesBuildPhase;
			buildActionMask = 2147483647;
			files = (
				03BA75FE1CAA1D33002EACB9 /* GameScene.swift in Sources */,
				03BA761F1CAA2814002EACB9 /* SKColor+Pong.swift in Sources */,
				03BA76211CAA2891002EACB9 /* BallNode.swift in Sources */,
				03BA761C1CAA227C002EACB9 /* PaddleNode.swift in Sources */,
				03BA75FC1CAA1D33002EACB9 /* AppDelegate.swift in Sources */,
			);
			runOnlyForDeploymentPostprocessing = 0;
		};
/* End PBXSourcesBuildPhase section */

/* Begin PBXVariantGroup section */
		03BA76031CAA1D33002EACB9 /* MainMenu.xib */ = {
			isa = PBXVariantGroup;
			children = (
				03BA76041CAA1D33002EACB9 /* Base */,
			);
			name = MainMenu.xib;
			sourceTree = "<group>";
		};
/* End PBXVariantGroup section */

/* Begin XCBuildConfiguration section */
		03BA76071CAA1D33002EACB9 /* Debug */ = {
			isa = XCBuildConfiguration;
			buildSettings = {
				ALWAYS_SEARCH_USER_PATHS = NO;
				CLANG_ANALYZER_NONNULL = YES;
				CLANG_CXX_LANGUAGE_STANDARD = "gnu++0x";
				CLANG_CXX_LIBRARY = "libc++";
				CLANG_ENABLE_MODULES = YES;
				CLANG_ENABLE_OBJC_ARC = YES;
				CLANG_WARN_BOOL_CONVERSION = YES;
				CLANG_WARN_CONSTANT_CONVERSION = YES;
				CLANG_WARN_DIRECT_OBJC_ISA_USAGE = YES_ERROR;
				CLANG_WARN_EMPTY_BODY = YES;
				CLANG_WARN_ENUM_CONVERSION = YES;
				CLANG_WARN_INT_CONVERSION = YES;
				CLANG_WARN_OBJC_ROOT_CLASS = YES_ERROR;
				CLANG_WARN_UNREACHABLE_CODE = YES;
				CLANG_WARN__DUPLICATE_METHOD_MATCH = YES;
				CODE_SIGN_IDENTITY = "-";
				COPY_PHASE_STRIP = NO;
				DEBUG_INFORMATION_FORMAT = "dwarf-with-dsym";
				ENABLE_STRICT_OBJC_MSGSEND = YES;
				ENABLE_TESTABILITY = YES;
				GCC_C_LANGUAGE_STANDARD = gnu99;
				GCC_DYNAMIC_NO_PIC = NO;
				GCC_NO_COMMON_BLOCKS = YES;
				GCC_OPTIMIZATION_LEVEL = 0;
				GCC_PREPROCESSOR_DEFINITIONS = (
					"DEBUG=1",
					"$(inherited)",
				);
				GCC_WARN_64_TO_32_BIT_CONVERSION = YES;
				GCC_WARN_ABOUT_RETURN_TYPE = YES_ERROR;
				GCC_WARN_UNDECLARED_SELECTOR = YES;
				GCC_WARN_UNINITIALIZED_AUTOS = YES_AGGRESSIVE;
				GCC_WARN_UNUSED_FUNCTION = YES;
				GCC_WARN_UNUSED_VARIABLE = YES;
				MACOSX_DEPLOYMENT_TARGET = 10.11;
				MTL_ENABLE_DEBUG_INFO = YES;
				ONLY_ACTIVE_ARCH = YES;
				SDKROOT = macosx;
				SWIFT_OPTIMIZATION_LEVEL = "-Onone";
			};
			name = Debug;
		};
		03BA76081CAA1D33002EACB9 /* Release */ = {
			isa = XCBuildConfiguration;
			buildSettings = {
				ALWAYS_SEARCH_USER_PATHS = NO;
				CLANG_ANALYZER_NONNULL = YES;
				CLANG_CXX_LANGUAGE_STANDARD = "gnu++0x";
				CLANG_CXX_LIBRARY = "libc++";
				CLANG_ENABLE_MODULES = YES;
				CLANG_ENABLE_OBJC_ARC = YES;
				CLANG_WARN_BOOL_CONVERSION = YES;
				CLANG_WARN_CONSTANT_CONVERSION = YES;
				CLANG_WARN_DIRECT_OBJC_ISA_USAGE = YES_ERROR;
				CLANG_WARN_EMPTY_BODY = YES;
				CLANG_WARN_ENUM_CONVERSION = YES;
				CLANG_WARN_INT_CONVERSION = YES;
				CLANG_WARN_OBJC_ROOT_CLASS = YES_ERROR;
				CLANG_WARN_UNREACHABLE_CODE = YES;
				CLANG_WARN__DUPLICATE_METHOD_MATCH = YES;
				CODE_SIGN_IDENTITY = "-";
				COPY_PHASE_STRIP = NO;
				DEBUG_INFORMATION_FORMAT = "dwarf-with-dsym";
				ENABLE_NS_ASSERTIONS = NO;
				ENABLE_STRICT_OBJC_MSGSEND = YES;
				GCC_C_LANGUAGE_STANDARD = gnu99;
				GCC_NO_COMMON_BLOCKS = YES;
				GCC_WARN_64_TO_32_BIT_CONVERSION = YES;
				GCC_WARN_ABOUT_RETURN_TYPE = YES_ERROR;
				GCC_WARN_UNDECLARED_SELECTOR = YES;
				GCC_WARN_UNINITIALIZED_AUTOS = YES_AGGRESSIVE;
				GCC_WARN_UNUSED_FUNCTION = YES;
				GCC_WARN_UNUSED_VARIABLE = YES;
				MACOSX_DEPLOYMENT_TARGET = 10.11;
				MTL_ENABLE_DEBUG_INFO = NO;
				SDKROOT = macosx;
			};
			name = Release;
		};
		03BA760A1CAA1D33002EACB9 /* Debug */ = {
			isa = XCBuildConfiguration;
			buildSettings = {
				ASSETCATALOG_COMPILER_APPICON_NAME = AppIcon;
				COMBINE_HIDPI_IMAGES = YES;
				INFOPLIST_FILE = Pong/Info.plist;
				LD_RUNPATH_SEARCH_PATHS = "$(inherited) @executable_path/../Frameworks";
				PRODUCT_BUNDLE_IDENTIFIER = io.sizeof.Pong;
				PRODUCT_NAME = "$(TARGET_NAME)";
			};
			name = Debug;
		};
		03BA760B1CAA1D33002EACB9 /* Release */ = {
			isa = XCBuildConfiguration;
			buildSettings = {
				ASSETCATALOG_COMPILER_APPICON_NAME = AppIcon;
				COMBINE_HIDPI_IMAGES = YES;
				INFOPLIST_FILE = Pong/Info.plist;
				LD_RUNPATH_SEARCH_PATHS = "$(inherited) @executable_path/../Frameworks";
				PRODUCT_BUNDLE_IDENTIFIER = io.sizeof.Pong;
				PRODUCT_NAME = "$(TARGET_NAME)";
			};
			name = Release;
		};
/* End XCBuildConfiguration section */

/* Begin XCConfigurationList section */
		03BA75F31CAA1D33002EACB9 /* Build configuration list for PBXProject "Pong" */ = {
			isa = XCConfigurationList;
			buildConfigurations = (
				03BA76071CAA1D33002EACB9 /* Debug */,
				03BA76081CAA1D33002EACB9 /* Release */,
			);
			defaultConfigurationIsVisible = 0;
			defaultConfigurationName = Release;
		};
		03BA76091CAA1D33002EACB9 /* Build configuration list for PBXNativeTarget "Pong" */ = {
			isa = XCConfigurationList;
			buildConfigurations = (
				03BA760A1CAA1D33002EACB9 /* Debug */,
				03BA760B1CAA1D33002EACB9 /* Release */,
			);
			defaultConfigurationIsVisible = 0;
		};
/* End XCConfigurationList section */
	};
	rootObject = 03BA75F01CAA1D33002EACB9 /* Project object */;
}
